
Microsoft Visual Studio Solution File, Format Version 12.00
# Visual Studio Version 16
VisualStudioVersion = 16.0.33927.289
MinimumVisualStudioVersion = 10.0.40219.1
Project("{2150E333-8FDC-42A3-9474-1A3956D46DE8}") = "Task0", "Task0", "{3D456529-DFB0-492A-BA88-3B0C4E3B8DE9}"
EndProject
Project("{2150E333-8FDC-42A3-9474-1A3956D46DE8}") = "Task1", "Task1", "{BADC866E-B5B1-4470-A9B8-FBB7B205C735}"
EndProject
Project("{2150E333-8FDC-42A3-9474-1A3956D46DE8}") = "Task2", "Task2", "{02F5A8AF-B5D5-43F7-9990-BB88F0D4AE07}"
EndProject
Project("{2150E333-8FDC-42A3-9474-1A3956D46DE8}") = "Task3", "Task3", "{AE763F24-2A85-41CE-8DA9-E28203CAC843}"
EndProject
Project("{2150E333-8FDC-42A3-9474-1A3956D46DE8}") = "Task4", "Task4", "{1AC80924-494D-4AF7-9FE1-A5DA5243DCDB}"
EndProject
Project("{2150E333-8FDC-42A3-9474-1A3956D46DE8}") = "Task5", "Task5", "{C7770900-840E-4449-9473-36196C3F0F0B}"
EndProject
Project("{2150E333-8FDC-42A3-9474-1A3956D46DE8}") = "Task6", "Task6", "{70A268C3-5093-4CAA-8565-BB3DB479278A}"
EndProject
Project("{2150E333-8FDC-42A3-9474-1A3956D46DE8}") = "Task7", "Task7", "{28332B7F-83DD-4AB4-A952-2AFAA3CDCB60}"
EndProject
Project("{FAE04EC0-301F-11D3-BF4B-00C04F79EFBC}") = "Tyuiu.TarasovVD.Sprint2.Task0.V4", "Tyuiu.TarasovVD.Sprint2.Task0.V4\Tyuiu.TarasovVD.Sprint2.Task0.V4.csproj", "{4C537623-95D2-440B-920B-0D2E3DC8AF5F}"
EndProject
Project("{FAE04EC0-301F-11D3-BF4B-00C04F79EFBC}") = "Tyuiu.TarasovVD.Sprint2.Task0.V4.Lib", "Tyuiu.TarasovVD.Sprint2.Task0.V4.Lib\Tyuiu.TarasovVD.Sprint2.Task0.V4.Lib.csproj", "{96E5D261-29A7-46EA-8802-2E9506DBF164}"
EndProject
Project("{FAE04EC0-301F-11D3-BF4B-00C04F79EFBC}") = "Tyuiu.TarasovVD.Sprint2.Task0.V4.Test", "Tyuiu.TarasovVD.Sprint2.Task0.V4.Test\Tyuiu.TarasovVD.Sprint2.Task0.V4.Test.csproj", "{F1577803-B17A-4AB7-8FBC-B30133245753}"
EndProject
Project("{FAE04EC0-301F-11D3-BF4B-00C04F79EFBC}") = "Tyuiu.TarasovVD.Sprint2.Task1.V22", "Tyuiu.TarasovVD.Sprint2.Task1.V22\Tyuiu.TarasovVD.Sprint2.Task1.V22.csproj", "{0BE4FC60-CCF7-4955-BCEF-26D7FD8B09F1}"
EndProject
Project("{FAE04EC0-301F-11D3-BF4B-00C04F79EFBC}") = "Tyuiu.TarasovVD.Sprint2.Task1.V22.Lib", "Tyuiu.TarasovVD.Sprint2.Task1.V22.Lib\Tyuiu.TarasovVD.Sprint2.Task1.V22.Lib.csproj", "{A5238EA0-6D87-423D-9A48-7ED97B9192E5}"
EndProject
Project("{FAE04EC0-301F-11D3-BF4B-00C04F79EFBC}") = "Tyuiu.TarasovVD.Sprint2.Task1.V22.Test", "Tyuiu.TarasovVD.Sprint2.Task1.V22.Test\Tyuiu.TarasovVD.Sprint2.Task1.V22.Test.csproj", "{69D193E3-FC8F-451B-B20C-88B2982FFE45}"
EndProject
Project("{FAE04EC0-301F-11D3-BF4B-00C04F79EFBC}") = "Tyuiu.TarasovVD.Sprint2.Task2.V19", "Tyuiu.TarasovVD.Sprint2.Task2.V19\Tyuiu.TarasovVD.Sprint2.Task2.V19.csproj", "{00F1A245-EC1D-46D9-9F0F-E84967979661}"
EndProject
Project("{FAE04EC0-301F-11D3-BF4B-00C04F79EFBC}") = "Tyuiu.TarasovVD.Sprint2.Task2.V19.Lib", "Tyuiu.TarasovVD.Sprint2.Task2.V19.Lib\Tyuiu.TarasovVD.Sprint2.Task2.V19.Lib.csproj", "{54565A8B-FCB5-4DB9-A7E1-A806A6FAD40D}"
EndProject
Project("{FAE04EC0-301F-11D3-BF4B-00C04F79EFBC}") = "Tyuiu.TarasovVD.Sprint2.Task2.V19.Test", "Tyuiu.TarasovVD.Sprint2.Task2.V19.Test\Tyuiu.TarasovVD.Sprint2.Task2.V19.Test.csproj", "{29DC701E-8B59-4CF4-9C6B-EB8838991644}"
EndProject
Project("{FAE04EC0-301F-11D3-BF4B-00C04F79EFBC}") = "Tyuiu.TarasovVD.Sprint2.Task3.V2", "Tyuiu.TarasovVD.Sprint2.Task3.V2\Tyuiu.TarasovVD.Sprint2.Task3.V2.csproj", "{0F99C12A-9889-4EED-AC14-1D84D22D77DC}"
EndProject
Project("{FAE04EC0-301F-11D3-BF4B-00C04F79EFBC}") = "Tyuiu.TarasovVD.Sprint2.Task3.V2.Lib", "Tyuiu.TarasovVD.Sprint2.Task3.V2.Lib\Tyuiu.TarasovVD.Sprint2.Task3.V2.Lib.csproj", "{756A89AE-BCBB-4094-9EF9-F56AA2354037}"
EndProject
Project("{FAE04EC0-301F-11D3-BF4B-00C04F79EFBC}") = "Tyuiu.TarasovVD.Sprint2.Task3.V2.Test", "Tyuiu.TarasovVD.Sprint2.Task3.V2.Test\Tyuiu.TarasovVD.Sprint2.Task3.V2.Test.csproj", "{6D050ADD-9C2B-40E4-928A-4C374503E8F3}"
EndProject
Project("{FAE04EC0-301F-11D3-BF4B-00C04F79EFBC}") = "Tyuiu.TarasovVD.Sprint2.Task4.V6", "Tyuiu.TarasovVD.Sprint2.Task4.V6\Tyuiu.TarasovVD.Sprint2.Task4.V6.csproj", "{FED07085-DED4-4E02-88A8-9F473B03DE68}"
EndProject
Project("{FAE04EC0-301F-11D3-BF4B-00C04F79EFBC}") = "Tyuiu.TarasovVD.Sprint2.Task4.V6.Test", "Tyuiu.TarasovVD.Sprint2.Task4.V6.Test\Tyuiu.TarasovVD.Sprint2.Task4.V6.Test.csproj", "{57E793B4-6847-4FEB-89C1-3981CD4DD612}"
EndProject
Project("{FAE04EC0-301F-11D3-BF4B-00C04F79EFBC}") = "Tyuiu.TarasovVD.Sprint2.Task4.V6.Lib", "Tyuiu.TarasovVD.Sprint2.Task4.V6.Lib\Tyuiu.TarasovVD.Sprint2.Task4.V6.Lib.csproj", "{A85D9D7F-FE0A-486F-82AD-D105698F644A}"
EndProject
Global
	GlobalSection(SolutionConfigurationPlatforms) = preSolution
		Debug|Any CPU = Debug|Any CPU
		Release|Any CPU = Release|Any CPU
	EndGlobalSection
	GlobalSection(ProjectConfigurationPlatforms) = postSolution
		{4C537623-95D2-440B-920B-0D2E3DC8AF5F}.Debug|Any CPU.ActiveCfg = Debug|Any CPU
		{4C537623-95D2-440B-920B-0D2E3DC8AF5F}.Debug|Any CPU.Build.0 = Debug|Any CPU
		{4C537623-95D2-440B-920B-0D2E3DC8AF5F}.Release|Any CPU.ActiveCfg = Release|Any CPU
		{4C537623-95D2-440B-920B-0D2E3DC8AF5F}.Release|Any CPU.Build.0 = Release|Any CPU
		{96E5D261-29A7-46EA-8802-2E9506DBF164}.Debug|Any CPU.ActiveCfg = Debug|Any CPU
		{96E5D261-29A7-46EA-8802-2E9506DBF164}.Debug|Any CPU.Build.0 = Debug|Any CPU
		{96E5D261-29A7-46EA-8802-2E9506DBF164}.Release|Any CPU.ActiveCfg = Release|Any CPU
		{96E5D261-29A7-46EA-8802-2E9506DBF164}.Release|Any CPU.Build.0 = Release|Any CPU
		{F1577803-B17A-4AB7-8FBC-B30133245753}.Debug|Any CPU.ActiveCfg = Debug|Any CPU
		{F1577803-B17A-4AB7-8FBC-B30133245753}.Debug|Any CPU.Build.0 = Debug|Any CPU
		{F1577803-B17A-4AB7-8FBC-B30133245753}.Release|Any CPU.ActiveCfg = Release|Any CPU
		{F1577803-B17A-4AB7-8FBC-B30133245753}.Release|Any CPU.Build.0 = Release|Any CPU
		{0BE4FC60-CCF7-4955-BCEF-26D7FD8B09F1}.Debug|Any CPU.ActiveCfg = Debug|Any CPU
		{0BE4FC60-CCF7-4955-BCEF-26D7FD8B09F1}.Debug|Any CPU.Build.0 = Debug|Any CPU
		{0BE4FC60-CCF7-4955-BCEF-26D7FD8B09F1}.Release|Any CPU.ActiveCfg = Release|Any CPU
		{0BE4FC60-CCF7-4955-BCEF-26D7FD8B09F1}.Release|Any CPU.Build.0 = Release|Any CPU
		{A5238EA0-6D87-423D-9A48-7ED97B9192E5}.Debug|Any CPU.ActiveCfg = Debug|Any CPU
		{A5238EA0-6D87-423D-9A48-7ED97B9192E5}.Debug|Any CPU.Build.0 = Debug|Any CPU
		{A5238EA0-6D87-423D-9A48-7ED97B9192E5}.Release|Any CPU.ActiveCfg = Release|Any CPU
		{A5238EA0-6D87-423D-9A48-7ED97B9192E5}.Release|Any CPU.Build.0 = Release|Any CPU
		{69D193E3-FC8F-451B-B20C-88B2982FFE45}.Debug|Any CPU.ActiveCfg = Debug|Any CPU
		{69D193E3-FC8F-451B-B20C-88B2982FFE45}.Debug|Any CPU.Build.0 = Debug|Any CPU
		{69D193E3-FC8F-451B-B20C-88B2982FFE45}.Release|Any CPU.ActiveCfg = Release|Any CPU
		{69D193E3-FC8F-451B-B20C-88B2982FFE45}.Release|Any CPU.Build.0 = Release|Any CPU
		{00F1A245-EC1D-46D9-9F0F-E84967979661}.Debug|Any CPU.ActiveCfg = Debug|Any CPU
		{00F1A245-EC1D-46D9-9F0F-E84967979661}.Debug|Any CPU.Build.0 = Debug|Any CPU
		{00F1A245-EC1D-46D9-9F0F-E84967979661}.Release|Any CPU.ActiveCfg = Release|Any CPU
		{00F1A245-EC1D-46D9-9F0F-E84967979661}.Release|Any CPU.Build.0 = Release|Any CPU
		{54565A8B-FCB5-4DB9-A7E1-A806A6FAD40D}.Debug|Any CPU.ActiveCfg = Debug|Any CPU
		{54565A8B-FCB5-4DB9-A7E1-A806A6FAD40D}.Debug|Any CPU.Build.0 = Debug|Any CPU
		{54565A8B-FCB5-4DB9-A7E1-A806A6FAD40D}.Release|Any CPU.ActiveCfg = Release|Any CPU
		{54565A8B-FCB5-4DB9-A7E1-A806A6FAD40D}.Release|Any CPU.Build.0 = Release|Any CPU
		{29DC701E-8B59-4CF4-9C6B-EB8838991644}.Debug|Any CPU.ActiveCfg = Debug|Any CPU
		{29DC701E-8B59-4CF4-9C6B-EB8838991644}.Debug|Any CPU.Build.0 = Debug|Any CPU
		{29DC701E-8B59-4CF4-9C6B-EB8838991644}.Release|Any CPU.ActiveCfg = Release|Any CPU
		{29DC701E-8B59-4CF4-9C6B-EB8838991644}.Release|Any CPU.Build.0 = Release|Any CPU
		{0F99C12A-9889-4EED-AC14-1D84D22D77DC}.Debug|Any CPU.ActiveCfg = Debug|Any CPU
		{0F99C12A-9889-4EED-AC14-1D84D22D77DC}.Debug|Any CPU.Build.0 = Debug|Any CPU
		{0F99C12A-9889-4EED-AC14-1D84D22D77DC}.Release|Any CPU.ActiveCfg = Release|Any CPU
		{0F99C12A-9889-4EED-AC14-1D84D22D77DC}.Release|Any CPU.Build.0 = Release|Any CPU
		{756A89AE-BCBB-4094-9EF9-F56AA2354037}.Debug|Any CPU.ActiveCfg = Debug|Any CPU
		{756A89AE-BCBB-4094-9EF9-F56AA2354037}.Debug|Any CPU.Build.0 = Debug|Any CPU
		{756A89AE-BCBB-4094-9EF9-F56AA2354037}.Release|Any CPU.ActiveCfg = Release|Any CPU
		{756A89AE-BCBB-4094-9EF9-F56AA2354037}.Release|Any CPU.Build.0 = Release|Any CPU
		{6D050ADD-9C2B-40E4-928A-4C374503E8F3}.Debug|Any CPU.ActiveCfg = Debug|Any CPU
		{6D050ADD-9C2B-40E4-928A-4C374503E8F3}.Debug|Any CPU.Build.0 = Debug|Any CPU
		{6D050ADD-9C2B-40E4-928A-4C374503E8F3}.Release|Any CPU.ActiveCfg = Release|Any CPU
		{6D050ADD-9C2B-40E4-928A-4C374503E8F3}.Release|Any CPU.Build.0 = Release|Any CPU
		{FED07085-DED4-4E02-88A8-9F473B03DE68}.Debug|Any CPU.ActiveCfg = Debug|Any CPU
		{FED07085-DED4-4E02-88A8-9F473B03DE68}.Debug|Any CPU.Build.0 = Debug|Any CPU
		{FED07085-DED4-4E02-88A8-9F473B03DE68}.Release|Any CPU.ActiveCfg = Release|Any CPU
		{FED07085-DED4-4E02-88A8-9F473B03DE68}.Release|Any CPU.Build.0 = Release|Any CPU
		{57E793B4-6847-4FEB-89C1-3981CD4DD612}.Debug|Any CPU.ActiveCfg = Debug|Any CPU
		{57E793B4-6847-4FEB-89C1-3981CD4DD612}.Debug|Any CPU.Build.0 = Debug|Any CPU
		{57E793B4-6847-4FEB-89C1-3981CD4DD612}.Release|Any CPU.ActiveCfg = Release|Any CPU
		{57E793B4-6847-4FEB-89C1-3981CD4DD612}.Release|Any CPU.Build.0 = Release|Any CPU
		{A85D9D7F-FE0A-486F-82AD-D105698F644A}.Debug|Any CPU.ActiveCfg = Debug|Any CPU
		{A85D9D7F-FE0A-486F-82AD-D105698F644A}.Debug|Any CPU.Build.0 = Debug|Any CPU
		{A85D9D7F-FE0A-486F-82AD-D105698F644A}.Release|Any CPU.ActiveCfg = Release|Any CPU
		{A85D9D7F-FE0A-486F-82AD-D105698F644A}.Release|Any CPU.Build.0 = Release|Any CPU
	EndGlobalSection
	GlobalSection(SolutionProperties) = preSolution
		HideSolutionNode = FALSE
	EndGlobalSection
	GlobalSection(NestedProjects) = preSolution
		{4C537623-95D2-440B-920B-0D2E3DC8AF5F} = {3D456529-DFB0-492A-BA88-3B0C4E3B8DE9}
		{96E5D261-29A7-46EA-8802-2E9506DBF164} = {3D456529-DFB0-492A-BA88-3B0C4E3B8DE9}
		{F1577803-B17A-4AB7-8FBC-B30133245753} = {3D456529-DFB0-492A-BA88-3B0C4E3B8DE9}
		{0BE4FC60-CCF7-4955-BCEF-26D7FD8B09F1} = {BADC866E-B5B1-4470-A9B8-FBB7B205C735}
		{A5238EA0-6D87-423D-9A48-7ED97B9192E5} = {BADC866E-B5B1-4470-A9B8-FBB7B205C735}
		{69D193E3-FC8F-451B-B20C-88B2982FFE45} = {BADC866E-B5B1-4470-A9B8-FBB7B205C735}
		{00F1A245-EC1D-46D9-9F0F-E84967979661} = {02F5A8AF-B5D5-43F7-9990-BB88F0D4AE07}
		{54565A8B-FCB5-4DB9-A7E1-A806A6FAD40D} = {02F5A8AF-B5D5-43F7-9990-BB88F0D4AE07}
		{29DC701E-8B59-4CF4-9C6B-EB8838991644} = {02F5A8AF-B5D5-43F7-9990-BB88F0D4AE07}
		{0F99C12A-9889-4EED-AC14-1D84D22D77DC} = {AE763F24-2A85-41CE-8DA9-E28203CAC843}
		{756A89AE-BCBB-4094-9EF9-F56AA2354037} = {AE763F24-2A85-41CE-8DA9-E28203CAC843}
		{6D050ADD-9C2B-40E4-928A-4C374503E8F3} = {AE763F24-2A85-41CE-8DA9-E28203CAC843}
		{FED07085-DED4-4E02-88A8-9F473B03DE68} = {1AC80924-494D-4AF7-9FE1-A5DA5243DCDB}
		{57E793B4-6847-4FEB-89C1-3981CD4DD612} = {1AC80924-494D-4AF7-9FE1-A5DA5243DCDB}
		{A85D9D7F-FE0A-486F-82AD-D105698F644A} = {1AC80924-494D-4AF7-9FE1-A5DA5243DCDB}
	EndGlobalSection
	GlobalSection(ExtensibilityGlobals) = postSolution
		SolutionGuid = {AF26C6F4-4CB6-4638-8854-AD86F130695D}
	EndGlobalSection
EndGlobal
