
Microsoft Visual Studio Solution File, Format Version 12.00
# Visual Studio Version 16
VisualStudioVersion = 16.0.33927.289
MinimumVisualStudioVersion = 10.0.40219.1
Project("{2150E333-8FDC-42A3-9474-1A3956D46DE8}") = "Task0", "Task0", "{3D456529-DFB0-492A-BA88-3B0C4E3B8DE9}"
EndProject
Project("{2150E333-8FDC-42A3-9474-1A3956D46DE8}") = "Task1", "Task1", "{BADC866E-B5B1-4470-A9B8-FBB7B205C735}"
EndProject
Project("{2150E333-8FDC-42A3-9474-1A3956D46DE8}") = "Task2", "Task2", "{02F5A8AF-B5D5-43F7-9990-BB88F0D4AE07}"
EndProject
Project("{2150E333-8FDC-42A3-9474-1A3956D46DE8}") = "Task3", "Task3", "{AE763F24-2A85-41CE-8DA9-E28203CAC843}"
EndProject
Project("{2150E333-8FDC-42A3-9474-1A3956D46DE8}") = "Task4", "Task4", "{1AC80924-494D-4AF7-9FE1-A5DA5243DCDB}"
EndProject
Project("{2150E333-8FDC-42A3-9474-1A3956D46DE8}") = "Task5", "Task5", "{C7770900-840E-4449-9473-36196C3F0F0B}"
EndProject
Project("{2150E333-8FDC-42A3-9474-1A3956D46DE8}") = "Task6", "Task6", "{70A268C3-5093-4CAA-8565-BB3DB479278A}"
EndProject
Project("{2150E333-8FDC-42A3-9474-1A3956D46DE8}") = "Task7", "Task7", "{28332B7F-83DD-4AB4-A952-2AFAA3CDCB60}"
EndProject
Project("{FAE04EC0-301F-11D3-BF4B-00C04F79EFBC}") = "Tyuiu.TarasovVD.Sprint2.Task0.V4", "Tyuiu.TarasovVD.Sprint2.Task0.V4\Tyuiu.TarasovVD.Sprint2.Task0.V4.csproj", "{4C537623-95D2-440B-920B-0D2E3DC8AF5F}"
EndProject
Project("{FAE04EC0-301F-11D3-BF4B-00C04F79EFBC}") = "Tyuiu.TarasovVD.Sprint2.Task0.V4.Lib", "Tyuiu.TarasovVD.Sprint2.Task0.V4.Lib\Tyuiu.TarasovVD.Sprint2.Task0.V4.Lib.csproj", "{96E5D261-29A7-46EA-8802-2E9506DBF164}"
EndProject
Project("{FAE04EC0-301F-11D3-BF4B-00C04F79EFBC}") = "Tyuiu.TarasovVD.Sprint2.Task0.V4.Test", "Tyuiu.TarasovVD.Sprint2.Task0.V4.Test\Tyuiu.TarasovVD.Sprint2.Task0.V4.Test.csproj", "{F1577803-B17A-4AB7-8FBC-B30133245753}"
EndProject
Global
	GlobalSection(SolutionConfigurationPlatforms) = preSolution
		Debug|Any CPU = Debug|Any CPU
		Release|Any CPU = Release|Any CPU
	EndGlobalSection
	GlobalSection(ProjectConfigurationPlatforms) = postSolution
		{4C537623-95D2-440B-920B-0D2E3DC8AF5F}.Debug|Any CPU.ActiveCfg = Debug|Any CPU
		{4C537623-95D2-440B-920B-0D2E3DC8AF5F}.Debug|Any CPU.Build.0 = Debug|Any CPU
		{4C537623-95D2-440B-920B-0D2E3DC8AF5F}.Release|Any CPU.ActiveCfg = Release|Any CPU
		{4C537623-95D2-440B-920B-0D2E3DC8AF5F}.Release|Any CPU.Build.0 = Release|Any CPU
		{96E5D261-29A7-46EA-8802-2E9506DBF164}.Debug|Any CPU.ActiveCfg = Debug|Any CPU
		{96E5D261-29A7-46EA-8802-2E9506DBF164}.Debug|Any CPU.Build.0 = Debug|Any CPU
		{96E5D261-29A7-46EA-8802-2E9506DBF164}.Release|Any CPU.ActiveCfg = Release|Any CPU
		{96E5D261-29A7-46EA-8802-2E9506DBF164}.Release|Any CPU.Build.0 = Release|Any CPU
		{F1577803-B17A-4AB7-8FBC-B30133245753}.Debug|Any CPU.ActiveCfg = Debug|Any CPU
		{F1577803-B17A-4AB7-8FBC-B30133245753}.Debug|Any CPU.Build.0 = Debug|Any CPU
		{F1577803-B17A-4AB7-8FBC-B30133245753}.Release|Any CPU.ActiveCfg = Release|Any CPU
		{F1577803-B17A-4AB7-8FBC-B30133245753}.Release|Any CPU.Build.0 = Release|Any CPU
	EndGlobalSection
	GlobalSection(SolutionProperties) = preSolution
		HideSolutionNode = FALSE
	EndGlobalSection
	GlobalSection(NestedProjects) = preSolution
		{4C537623-95D2-440B-920B-0D2E3DC8AF5F} = {3D456529-DFB0-492A-BA88-3B0C4E3B8DE9}
		{96E5D261-29A7-46EA-8802-2E9506DBF164} = {3D456529-DFB0-492A-BA88-3B0C4E3B8DE9}
		{F1577803-B17A-4AB7-8FBC-B30133245753} = {3D456529-DFB0-492A-BA88-3B0C4E3B8DE9}
	EndGlobalSection
	GlobalSection(ExtensibilityGlobals) = postSolution
		SolutionGuid = {AF26C6F4-4CB6-4638-8854-AD86F130695D}
	EndGlobalSection
EndGlobal
